// !$*UTF8*$!
{
	archiveVersion = 1;
	classes = {
	};
	objectVersion = 48;
	objects = {

/* Begin PBXBuildFile section */
		1242B5211FBDFAA300701587 /* AppDelegate.swift in Sources */ = {isa = PBXBuildFile; fileRef = 1242B5201FBDFAA300701587 /* AppDelegate.swift */; };
		1242B5231FBDFAA300701587 /* ViewController.swift in Sources */ = {isa = PBXBuildFile; fileRef = 1242B5221FBDFAA300701587 /* ViewController.swift */; };
		1242B5261FBDFAA300701587 /* Main.storyboard in Resources */ = {isa = PBXBuildFile; fileRef = 1242B5241FBDFAA300701587 /* Main.storyboard */; };
		1242B5281FBDFAA300701587 /* Assets.xcassets in Resources */ = {isa = PBXBuildFile; fileRef = 1242B5271FBDFAA300701587 /* Assets.xcassets */; };
		1242B52B1FBDFAA300701587 /* LaunchScreen.storyboard in Resources */ = {isa = PBXBuildFile; fileRef = 1242B5291FBDFAA300701587 /* LaunchScreen.storyboard */; };
		1242B5341FBDFD2800701587 /* MapKit.framework in Frameworks */ = {isa = PBXBuildFile; fileRef = 1242B5331FBDFD2800701587 /* MapKit.framework */; };
/* End PBXBuildFile section */

/* Begin PBXFileReference section */
		1242B51D1FBDFAA300701587 /* sampleMap.app */ = {isa = PBXFileReference; explicitFileType = wrapper.application; includeInIndex = 0; path = sampleMap.app; sourceTree = BUILT_PRODUCTS_DIR; };
		1242B5201FBDFAA300701587 /* AppDelegate.swift */ = {isa = PBXFileReference; lastKnownFileType = sourcecode.swift; path = AppDelegate.swift; sourceTree = "<group>"; };
		1242B5221FBDFAA300701587 /* ViewController.swift */ = {isa = PBXFileReference; lastKnownFileType = sourcecode.swift; path = ViewController.swift; sourceTree = "<group>"; };
		1242B5251FBDFAA300701587 /* Base */ = {isa = PBXFileReference; lastKnownFileType = file.storyboard; name = Base; path = Base.lproj/Main.storyboard; sourceTree = "<group>"; };
		1242B5271FBDFAA300701587 /* Assets.xcassets */ = {isa = PBXFileReference; lastKnownFileType = folder.assetcatalog; path = Assets.xcassets; sourceTree = "<group>"; };
		1242B52A1FBDFAA300701587 /* Base */ = {isa = PBXFileReference; lastKnownFileType = file.storyboard; name = Base; path = Base.lproj/LaunchScreen.storyboard; sourceTree = "<group>"; };
		1242B52C1FBDFAA300701587 /* Info.plist */ = {isa = PBXFileReference; lastKnownFileType = text.plist.xml; path = Info.plist; sourceTree = "<group>"; };
		1242B5331FBDFD2800701587 /* MapKit.framework */ = {isa = PBXFileReference; lastKnownFileType = wrapper.framework; name = MapKit.framework; path = System/Library/Frameworks/MapKit.framework; sourceTree = SDKROOT; };
/* End PBXFileReference section */

/* Begin PBXFrameworksBuildPhase section */
		1242B51A1FBDFAA300701587 /* Frameworks */ = {
			isa = PBXFrameworksBuildPhase;
			buildActionMask = 2147483647;
			files = (
				1242B5341FBDFD2800701587 /* MapKit.framework in Frameworks */,
			);
			runOnlyForDeploymentPostprocessing = 0;
		};
/* End PBXFrameworksBuildPhase section */

/* Begin PBXGroup section */
		1242B5141FBDFAA300701587 = {
			isa = PBXGroup;
			children = (
				BAE7456D1FD93F960031ECDA /* GPX */,
				1242B51F1FBDFAA300701587 /* sampleMap */,
				1242B51E1FBDFAA300701587 /* Products */,
				1242B5321FBDFD2800701587 /* Frameworks */,
			);
			sourceTree = "<group>";
		};
		1242B51E1FBDFAA300701587 /* Products */ = {
			isa = PBXGroup;
			children = (
				1242B51D1FBDFAA300701587 /* sampleMap.app */,
			);
			name = Products;
			sourceTree = "<group>";
		};
		1242B51F1FBDFAA300701587 /* sampleMap */ = {
			isa = PBXGroup;
			children = (
				1242B5201FBDFAA300701587 /* AppDelegate.swift */,
				1242B5221FBDFAA300701587 /* ViewController.swift */,
				1242B5241FBDFAA300701587 /* Main.storyboard */,
				1242B5271FBDFAA300701587 /* Assets.xcassets */,
				1242B5291FBDFAA300701587 /* LaunchScreen.storyboard */,
				1242B52C1FBDFAA300701587 /* Info.plist */,
			);
			path = sampleMap;
			sourceTree = "<group>";
		};
		1242B5321FBDFD2800701587 /* Frameworks */ = {
			isa = PBXGroup;
			children = (
				1242B5331FBDFD2800701587 /* MapKit.framework */,
			);
			name = Frameworks;
			sourceTree = "<group>";
		};
		BAE7456D1FD93F960031ECDA /* GPX */ = {
			isa = PBXGroup;
			children = (
			);
			path = GPX;
			sourceTree = "<group>";
		};
/* End PBXGroup section */

/* Begin PBXNativeTarget section */
		1242B51C1FBDFAA300701587 /* sampleMap */ = {
			isa = PBXNativeTarget;
			buildConfigurationList = 1242B52F1FBDFAA300701587 /* Build configuration list for PBXNativeTarget "sampleMap" */;
			buildPhases = (
				1242B5191FBDFAA300701587 /* Sources */,
				1242B51A1FBDFAA300701587 /* Frameworks */,
				1242B51B1FBDFAA300701587 /* Resources */,
			);
			buildRules = (
			);
			dependencies = (
			);
			name = sampleMap;
			productName = sampleMap;
			productReference = 1242B51D1FBDFAA300701587 /* sampleMap.app */;
			productType = "com.apple.product-type.application";
		};
/* End PBXNativeTarget section */

/* Begin PBXProject section */
		1242B5151FBDFAA300701587 /* Project object */ = {
			isa = PBXProject;
			attributes = {
				LastSwiftUpdateCheck = 0910;
				LastUpgradeCheck = 0910;
				ORGANIZATIONNAME = achan;
				TargetAttributes = {
					1242B51C1FBDFAA300701587 = {
						CreatedOnToolsVersion = 9.1;
						ProvisioningStyle = Automatic;
						SystemCapabilities = {
							com.apple.Maps.iOS = {
								enabled = 1;
							};
						};
					};
				};
			};
			buildConfigurationList = 1242B5181FBDFAA300701587 /* Build configuration list for PBXProject "sampleMap" */;
			compatibilityVersion = "Xcode 8.0";
			developmentRegion = en;
			hasScannedForEncodings = 0;
			knownRegions = (
				en,
				Base,
			);
			mainGroup = 1242B5141FBDFAA300701587;
			productRefGroup = 1242B51E1FBDFAA300701587 /* Products */;
			projectDirPath = "";
			projectRoot = "";
			targets = (
				1242B51C1FBDFAA300701587 /* sampleMap */,
			);
		};
/* End PBXProject section */

/* Begin PBXResourcesBuildPhase section */
		1242B51B1FBDFAA300701587 /* Resources */ = {
			isa = PBXResourcesBuildPhase;
			buildActionMask = 2147483647;
			files = (
				1242B52B1FBDFAA300701587 /* LaunchScreen.storyboard in Resources */,
				1242B5281FBDFAA300701587 /* Assets.xcassets in Resources */,
				1242B5261FBDFAA300701587 /* Main.storyboard in Resources */,
			);
			runOnlyForDeploymentPostprocessing = 0;
		};
/* End PBXResourcesBuildPhase section */

/* Begin PBXSourcesBuildPhase section */
		1242B5191FBDFAA300701587 /* Sources */ = {
			isa = PBXSourcesBuildPhase;
			buildActionMask = 2147483647;
			files = (
				1242B5231FBDFAA300701587 /* ViewController.swift in Sources */,
				1242B5211FBDFAA300701587 /* AppDelegate.swift in Sources */,
			);
			runOnlyForDeploymentPostprocessing = 0;
		};
/* End PBXSourcesBuildPhase section */

/* Begin PBXVariantGroup section */
		1242B5241FBDFAA300701587 /* Main.storyboard */ = {
			isa = PBXVariantGroup;
			children = (
				1242B5251FBDFAA300701587 /* Base */,
			);
			name = Main.storyboard;
			sourceTree = "<group>";
		};
		1242B5291FBDFAA300701587 /* LaunchScreen.storyboard */ = {
			isa = PBXVariantGroup;
			children = (
				1242B52A1FBDFAA300701587 /* Base */,
			);
			name = LaunchScreen.storyboard;
			sourceTree = "<group>";
		};
/* End PBXVariantGroup section */

/* Begin XCBuildConfiguration section */
		1242B52D1FBDFAA300701587 /* Debug */ = {
			isa = XCBuildConfiguration;
			buildSettings = {
				ALWAYS_SEARCH_USER_PATHS = NO;
				CLANG_ANALYZER_NONNULL = YES;
				CLANG_ANALYZER_NUMBER_OBJECT_CONVERSION = YES_AGGRESSIVE;
				CLANG_CXX_LANGUAGE_STANDARD = "gnu++14";
				CLANG_CXX_LIBRARY = "libc++";
				CLANG_ENABLE_MODULES = YES;
				CLANG_ENABLE_OBJC_ARC = YES;
				CLANG_WARN_BLOCK_CAPTURE_AUTORELEASING = YES;
				CLANG_WARN_BOOL_CONVERSION = YES;
				CLANG_WARN_COMMA = YES;
				CLANG_WARN_CONSTANT_CONVERSION = YES;
				CLANG_WARN_DIRECT_OBJC_ISA_USAGE = YES_ERROR;
				CLANG_WARN_DOCUMENTATION_COMMENTS = YES;
				CLANG_WARN_EMPTY_BODY = YES;
				CLANG_WARN_ENUM_CONVERSION = YES;
				CLANG_WARN_INFINITE_RECURSION = YES;
				CLANG_WARN_INT_CONVERSION = YES;
				CLANG_WARN_NON_LITERAL_NULL_CONVERSION = YES;
				CLANG_WARN_OBJC_LITERAL_CONVERSION = YES;
				CLANG_WARN_OBJC_ROOT_CLASS = YES_ERROR;
				CLANG_WARN_RANGE_LOOP_ANALYSIS = YES;
				CLANG_WARN_STRICT_PROTOTYPES = YES;
				CLANG_WARN_SUSPICIOUS_MOVE = YES;
				CLANG_WARN_UNGUARDED_AVAILABILITY = YES_AGGRESSIVE;
				CLANG_WARN_UNREACHABLE_CODE = YES;
				CLANG_WARN__DUPLICATE_METHOD_MATCH = YES;
				CODE_SIGN_IDENTITY = "iPhone Developer";
				COPY_PHASE_STRIP = NO;
				DEBUG_INFORMATION_FORMAT = dwarf;
				ENABLE_STRICT_OBJC_MSGSEND = YES;
				ENABLE_TESTABILITY = YES;
				GCC_C_LANGUAGE_STANDARD = gnu11;
				GCC_DYNAMIC_NO_PIC = NO;
				GCC_NO_COMMON_BLOCKS = YES;
				GCC_OPTIMIZATION_LEVEL = 0;
				GCC_PREPROCESSOR_DEFINITIONS = (
					"DEBUG=1",
					"$(inherited)",
				);
				GCC_WARN_64_TO_32_BIT_CONVERSION = YES;
				GCC_WARN_ABOUT_RETURN_TYPE = YES_ERROR;
				GCC_WARN_UNDECLARED_SELECTOR = YES;
				GCC_WARN_UNINITIALIZED_AUTOS = YES_AGGRESSIVE;
				GCC_WARN_UNUSED_FUNCTION = YES;
				GCC_WARN_UNUSED_VARIABLE = YES;
				IPHONEOS_DEPLOYMENT_TARGET = 11.1;
				MTL_ENABLE_DEBUG_INFO = YES;
				ONLY_ACTIVE_ARCH = YES;
				SDKROOT = iphoneos;
				SWIFT_ACTIVE_COMPILATION_CONDITIONS = DEBUG;
				SWIFT_OPTIMIZATION_LEVEL = "-Onone";
			};
			name = Debug;
		};
		1242B52E1FBDFAA300701587 /* Release */ = {
			isa = XCBuildConfiguration;
			buildSettings = {
				ALWAYS_SEARCH_USER_PATHS = NO;
				CLANG_ANALYZER_NONNULL = YES;
				CLANG_ANALYZER_NUMBER_OBJECT_CONVERSION = YES_AGGRESSIVE;
				CLANG_CXX_LANGUAGE_STANDARD = "gnu++14";
				CLANG_CXX_LIBRARY = "libc++";
				CLANG_ENABLE_MODULES = YES;
				CLANG_ENABLE_OBJC_ARC = YES;
				CLANG_WARN_BLOCK_CAPTURE_AUTORELEASING = YES;
				CLANG_WARN_BOOL_CONVERSION = YES;
				CLANG_WARN_COMMA = YES;
				CLANG_WARN_CONSTANT_CONVERSION = YES;
				CLANG_WARN_DIRECT_OBJC_ISA_USAGE = YES_ERROR;
				CLANG_WARN_DOCUMENTATION_COMMENTS = YES;
				CLANG_WARN_EMPTY_BODY = YES;
				CLANG_WARN_ENUM_CONVERSION = YES;
				CLANG_WARN_INFINITE_RECURSION = YES;
				CLANG_WARN_INT_CONVERSION = YES;
				CLANG_WARN_NON_LITERAL_NULL_CONVERSION = YES;
				CLANG_WARN_OBJC_LITERAL_CONVERSION = YES;
				CLANG_WARN_OBJC_ROOT_CLASS = YES_ERROR;
				CLANG_WARN_RANGE_LOOP_ANALYSIS = YES;
				CLANG_WARN_STRICT_PROTOTYPES = YES;
				CLANG_WARN_SUSPICIOUS_MOVE = YES;
				CLANG_WARN_UNGUARDED_AVAILABILITY = YES_AGGRESSIVE;
				CLANG_WARN_UNREACHABLE_CODE = YES;
				CLANG_WARN__DUPLICATE_METHOD_MATCH = YES;
				CODE_SIGN_IDENTITY = "iPhone Developer";
				COPY_PHASE_STRIP = NO;
				DEBUG_INFORMATION_FORMAT = "dwarf-with-dsym";
				ENABLE_NS_ASSERTIONS = NO;
				ENABLE_STRICT_OBJC_MSGSEND = YES;
				GCC_C_LANGUAGE_STANDARD = gnu11;
				GCC_NO_COMMON_BLOCKS = YES;
				GCC_WARN_64_TO_32_BIT_CONVERSION = YES;
				GCC_WARN_ABOUT_RETURN_TYPE = YES_ERROR;
				GCC_WARN_UNDECLARED_SELECTOR = YES;
				GCC_WARN_UNINITIALIZED_AUTOS = YES_AGGRESSIVE;
				GCC_WARN_UNUSED_FUNCTION = YES;
				GCC_WARN_UNUSED_VARIABLE = YES;
				IPHONEOS_DEPLOYMENT_TARGET = 11.1;
				MTL_ENABLE_DEBUG_INFO = NO;
				SDKROOT = iphoneos;
				SWIFT_OPTIMIZATION_LEVEL = "-Owholemodule";
				VALIDATE_PRODUCT = YES;
			};
			name = Release;
		};
		1242B5301FBDFAA300701587 /* Debug */ = {
			isa = XCBuildConfiguration;
			buildSettings = {
				ASSETCATALOG_COMPILER_APPICON_NAME = AppIcon;
				CODE_SIGN_STYLE = Automatic;
				DEVELOPMENT_TEAM = 97UGX6UGF3;
				INFOPLIST_FILE = sampleMap/Info.plist;
				LD_RUNPATH_SEARCH_PATHS = "$(inherited) @executable_path/Frameworks";
				PRODUCT_BUNDLE_IDENTIFIER = me.achan.sampleMap;
				PRODUCT_NAME = "$(TARGET_NAME)";
				SWIFT_VERSION = 4.0;
				TARGETED_DEVICE_FAMILY = "1,2";
			};
			name = Debug;
		};
		1242B5311FBDFAA300701587 /* Release */ = {
			isa = XCBuildConfiguration;
			buildSettings = {
				ASSETCATALOG_COMPILER_APPICON_NAME = AppIcon;
				CODE_SIGN_STYLE = Automatic;
				DEVELOPMENT_TEAM = 97UGX6UGF3;
				INFOPLIST_FILE = sampleMap/Info.plist;
				LD_RUNPATH_SEARCH_PATHS = "$(inherited) @executable_path/Frameworks";
				PRODUCT_BUNDLE_IDENTIFIER = me.achan.sampleMap;
				PRODUCT_NAME = "$(TARGET_NAME)";
				SWIFT_VERSION = 4.0;
				TARGETED_DEVICE_FAMILY = "1,2";
			};
			name = Release;
		};
/* End XCBuildConfiguration section */

/* Begin XCConfigurationList section */
		1242B5181FBDFAA300701587 /* Build configuration list for PBXProject "sampleMap" */ = {
			isa = XCConfigurationList;
			buildConfigurations = (
				1242B52D1FBDFAA300701587 /* Debug */,
				1242B52E1FBDFAA300701587 /* Release */,
			);
			defaultConfigurationIsVisible = 0;
			defaultConfigurationName = Release;
		};
		1242B52F1FBDFAA300701587 /* Build configuration list for PBXNativeTarget "sampleMap" */ = {
			isa = XCConfigurationList;
			buildConfigurations = (
				1242B5301FBDFAA300701587 /* Debug */,
				1242B5311FBDFAA300701587 /* Release */,
			);
			defaultConfigurationIsVisible = 0;
			defaultConfigurationName = Release;
		};
/* End XCConfigurationList section */
	};
	rootObject = 1242B5151FBDFAA300701587 /* Project object */;
}
